
Microsoft Visual Studio Solution File, Format Version 12.00
# Visual Studio Version 17
VisualStudioVersion = 17.2.32526.322
MinimumVisualStudioVersion = 10.0.40219.1
Project("{9A19103F-16F7-4668-BE54-9A1E7A4F7556}") = "EOCS-User-Interface", "EOCS-User-Interface\EOCS-User-Interface.csproj", "{823D1743-846E-4CDA-B3A0-FF00B7AF409F}"
EndProject
Global
	GlobalSection(SolutionConfigurationPlatforms) = preSolution
		Debug|Any CPU = Debug|Any CPU
		Release|Any CPU = Release|Any CPU
	EndGlobalSection
	GlobalSection(ProjectConfigurationPlatforms) = postSolution
		{823D1743-846E-4CDA-B3A0-FF00B7AF409F}.Debug|Any CPU.ActiveCfg = Debug|Any CPU
		{823D1743-846E-4CDA-B3A0-FF00B7AF409F}.Debug|Any CPU.Build.0 = Debug|Any CPU
		{823D1743-846E-4CDA-B3A0-FF00B7AF409F}.Release|Any CPU.ActiveCfg = Release|Any CPU
		{823D1743-846E-4CDA-B3A0-FF00B7AF409F}.Release|Any CPU.Build.0 = Release|Any CPU
	EndGlobalSection
	GlobalSection(SolutionProperties) = preSolution
		HideSolutionNode = FALSE
	EndGlobalSection
	GlobalSection(ExtensibilityGlobals) = postSolution
		SolutionGuid = {87CAF393-96D2-473B-8918-D0820411C308}
	EndGlobalSection
EndGlobal
